
Microsoft Visual Studio Solution File, Format Version 12.00
# Visual Studio Version 17
VisualStudioVersion = 17.14.36202.13
MinimumVisualStudioVersion = 10.0.40219.1
Project("{FAE04EC0-301F-11D3-BF4B-00C04F79EFBC}") = "Demos", "GlobeSelectDemo\Demos.csproj", "{B268FACB-17E1-4F54-A148-137BDCD4D57B}"
EndProject
Project("{FAE04EC0-301F-11D3-BF4B-00C04F79EFBC}") = "GlobeSelect", "..\GlobeSelect\GlobeSelect.csproj", "{7E45C60B-9E47-6804-02A7-A070404A696B}"
EndProject
Project("{FAE04EC0-301F-11D3-BF4B-00C04F79EFBC}") = "CountryJsonGenerator", "CountryJsonGenerator\CountryJsonGenerator.csproj", "{63FAC101-AAB6-486E-BA94-C182F41BB869}"
EndProject
Global
	GlobalSection(SolutionConfigurationPlatforms) = preSolution
		Debug|Any CPU = Debug|Any CPU
		Release|Any CPU = Release|Any CPU
	EndGlobalSection
	GlobalSection(ProjectConfigurationPlatforms) = postSolution
		{B268FACB-17E1-4F54-A148-137BDCD4D57B}.Debug|Any CPU.ActiveCfg = Debug|Any CPU
		{B268FACB-17E1-4F54-A148-137BDCD4D57B}.Debug|Any CPU.Build.0 = Debug|Any CPU
		{B268FACB-17E1-4F54-A148-137BDCD4D57B}.Release|Any CPU.ActiveCfg = Release|Any CPU
		{B268FACB-17E1-4F54-A148-137BDCD4D57B}.Release|Any CPU.Build.0 = Release|Any CPU
		{7E45C60B-9E47-6804-02A7-A070404A696B}.Debug|Any CPU.ActiveCfg = Debug|Any CPU
		{7E45C60B-9E47-6804-02A7-A070404A696B}.Debug|Any CPU.Build.0 = Debug|Any CPU
		{7E45C60B-9E47-6804-02A7-A070404A696B}.Release|Any CPU.ActiveCfg = Release|Any CPU
		{7E45C60B-9E47-6804-02A7-A070404A696B}.Release|Any CPU.Build.0 = Release|Any CPU
		{63FAC101-AAB6-486E-BA94-C182F41BB869}.Debug|Any CPU.ActiveCfg = Debug|Any CPU
		{63FAC101-AAB6-486E-BA94-C182F41BB869}.Debug|Any CPU.Build.0 = Debug|Any CPU
		{63FAC101-AAB6-486E-BA94-C182F41BB869}.Release|Any CPU.ActiveCfg = Release|Any CPU
		{63FAC101-AAB6-486E-BA94-C182F41BB869}.Release|Any CPU.Build.0 = Release|Any CPU
	EndGlobalSection
	GlobalSection(SolutionProperties) = preSolution
		HideSolutionNode = FALSE
	EndGlobalSection
	GlobalSection(ExtensibilityGlobals) = postSolution
		SolutionGuid = {A86C14D8-08A4-4348-AEEF-BEDA27C160E2}
	EndGlobalSection
EndGlobal
